
Microsoft Visual Studio Solution File, Format Version 12.00
# Visual Studio 2013
VisualStudioVersion = 12.0.21005.1
MinimumVisualStudioVersion = 10.0.40219.1
Project("{FAE04EC0-301F-11D3-BF4B-00C04F79EFBC}") = "WindowsFormsAppTest", "WindowsFormsAppTest\WindowsFormsAppTest.csproj", "{09D24316-322F-43AD-9E53-762ECDEEEAB0}"
	ProjectSection(ProjectDependencies) = postProject
		{CB9E6BC7-BF20-475F-BA8B-E2A27A19F7D2} = {CB9E6BC7-BF20-475F-BA8B-E2A27A19F7D2}
	EndProjectSection
EndProject
Project("{FAE04EC0-301F-11D3-BF4B-00C04F79EFBC}") = "PgSQL", "PgSQL\PgSQL.csproj", "{CB9E6BC7-BF20-475F-BA8B-E2A27A19F7D2}"
EndProject
Global
	GlobalSection(SolutionConfigurationPlatforms) = preSolution
		Debug|Any CPU = Debug|Any CPU
		Release|Any CPU = Release|Any CPU
	EndGlobalSection
	GlobalSection(ProjectConfigurationPlatforms) = postSolution
		{09D24316-322F-43AD-9E53-762ECDEEEAB0}.Debug|Any CPU.ActiveCfg = Release|Any CPU
		{09D24316-322F-43AD-9E53-762ECDEEEAB0}.Debug|Any CPU.Build.0 = Release|Any CPU
		{09D24316-322F-43AD-9E53-762ECDEEEAB0}.Release|Any CPU.ActiveCfg = Release|Any CPU
		{09D24316-322F-43AD-9E53-762ECDEEEAB0}.Release|Any CPU.Build.0 = Release|Any CPU
		{CB9E6BC7-BF20-475F-BA8B-E2A27A19F7D2}.Debug|Any CPU.ActiveCfg = Release|Any CPU
		{CB9E6BC7-BF20-475F-BA8B-E2A27A19F7D2}.Debug|Any CPU.Build.0 = Release|Any CPU
		{CB9E6BC7-BF20-475F-BA8B-E2A27A19F7D2}.Release|Any CPU.ActiveCfg = Release|Any CPU
		{CB9E6BC7-BF20-475F-BA8B-E2A27A19F7D2}.Release|Any CPU.Build.0 = Release|Any CPU
	EndGlobalSection
	GlobalSection(SolutionProperties) = preSolution
		HideSolutionNode = FALSE
	EndGlobalSection
EndGlobal
